// !$*UTF8*$!
{
	archiveVersion = 1;
	classes = {
	};
	objectVersion = 56;
	objects = {

/* Begin PBXBuildFile section */
		D10BA3BC295EC6C900D9E3FD /* ChatViewController.swift in Sources */ = {isa = PBXBuildFile; fileRef = D10BA3BB295EC6C900D9E3FD /* ChatViewController.swift */; };
		D10BA3BE295ECA1200D9E3FD /* GoogleService-Info.plist in Resources */ = {isa = PBXBuildFile; fileRef = D10BA3BD295ECA1200D9E3FD /* GoogleService-Info.plist */; };
		D10BA3C1295ECAE500D9E3FD /* FirebaseAuth in Frameworks */ = {isa = PBXBuildFile; productRef = D10BA3C0295ECAE500D9E3FD /* FirebaseAuth */; };
		D10BA3C3295ECAE600D9E3FD /* FirebaseFirestore in Frameworks */ = {isa = PBXBuildFile; productRef = D10BA3C2295ECAE500D9E3FD /* FirebaseFirestore */; };
		D10BA3C6295ED9C300D9E3FD /* Toast in Frameworks */ = {isa = PBXBuildFile; productRef = D10BA3C5295ED9C300D9E3FD /* Toast */; };
		D10BA3C8295EDCAA00D9E3FD /* K.swift in Sources */ = {isa = PBXBuildFile; fileRef = D10BA3C7295EDCAA00D9E3FD /* K.swift */; };
		D10BA3CA295EF91500D9E3FD /* LoginViewController.swift in Sources */ = {isa = PBXBuildFile; fileRef = D10BA3C9295EF91500D9E3FD /* LoginViewController.swift */; };
		D110B9A1295DEA4D002F75B5 /* AppDelegate.swift in Sources */ = {isa = PBXBuildFile; fileRef = D110B9A0295DEA4D002F75B5 /* AppDelegate.swift */; };
		D110B9A3295DEA4D002F75B5 /* SceneDelegate.swift in Sources */ = {isa = PBXBuildFile; fileRef = D110B9A2295DEA4D002F75B5 /* SceneDelegate.swift */; };
		D110B9A5295DEA4D002F75B5 /* SplashViewController.swift in Sources */ = {isa = PBXBuildFile; fileRef = D110B9A4295DEA4D002F75B5 /* SplashViewController.swift */; };
		D110B9A8295DEA4D002F75B5 /* Main.storyboard in Resources */ = {isa = PBXBuildFile; fileRef = D110B9A6295DEA4D002F75B5 /* Main.storyboard */; };
		D110B9AA295DEA50002F75B5 /* Assets.xcassets in Resources */ = {isa = PBXBuildFile; fileRef = D110B9A9295DEA50002F75B5 /* Assets.xcassets */; };
		D15CCA8729601F3200AC083A /* IQKeyboardManagerSwift in Frameworks */ = {isa = PBXBuildFile; productRef = D15CCA8629601F3200AC083A /* IQKeyboardManagerSwift */; };
		D15CCA8E2960215500AC083A /* ChatTableViewCell.swift in Sources */ = {isa = PBXBuildFile; fileRef = D15CCA8C2960215500AC083A /* ChatTableViewCell.swift */; };
		D15CCA8F2960215500AC083A /* ChatTableViewCell.xib in Resources */ = {isa = PBXBuildFile; fileRef = D15CCA8D2960215500AC083A /* ChatTableViewCell.xib */; };
		D15CCA912960261A00AC083A /* UserMessageData.swift in Sources */ = {isa = PBXBuildFile; fileRef = D15CCA902960261A00AC083A /* UserMessageData.swift */; };
		D19B20FC295EB58C008BD714 /* RegisterViewController.swift in Sources */ = {isa = PBXBuildFile; fileRef = D19B20FB295EB58C008BD714 /* RegisterViewController.swift */; };
/* End PBXBuildFile section */

/* Begin PBXFileReference section */
		D10BA3BB295EC6C900D9E3FD /* ChatViewController.swift */ = {isa = PBXFileReference; lastKnownFileType = sourcecode.swift; path = ChatViewController.swift; sourceTree = "<group>"; };
		D10BA3BD295ECA1200D9E3FD /* GoogleService-Info.plist */ = {isa = PBXFileReference; fileEncoding = 4; lastKnownFileType = text.plist.xml; path = "GoogleService-Info.plist"; sourceTree = "<group>"; };
		D10BA3C7295EDCAA00D9E3FD /* K.swift */ = {isa = PBXFileReference; lastKnownFileType = sourcecode.swift; path = K.swift; sourceTree = "<group>"; };
		D10BA3C9295EF91500D9E3FD /* LoginViewController.swift */ = {isa = PBXFileReference; lastKnownFileType = sourcecode.swift; path = LoginViewController.swift; sourceTree = "<group>"; };
		D110B99D295DEA4D002F75B5 /* Chat Application.app */ = {isa = PBXFileReference; explicitFileType = wrapper.application; includeInIndex = 0; path = "Chat Application.app"; sourceTree = BUILT_PRODUCTS_DIR; };
		D110B9A0295DEA4D002F75B5 /* AppDelegate.swift */ = {isa = PBXFileReference; lastKnownFileType = sourcecode.swift; path = AppDelegate.swift; sourceTree = "<group>"; };
		D110B9A2295DEA4D002F75B5 /* SceneDelegate.swift */ = {isa = PBXFileReference; lastKnownFileType = sourcecode.swift; path = SceneDelegate.swift; sourceTree = "<group>"; };
		D110B9A4295DEA4D002F75B5 /* SplashViewController.swift */ = {isa = PBXFileReference; lastKnownFileType = sourcecode.swift; path = SplashViewController.swift; sourceTree = "<group>"; };
		D110B9A7295DEA4D002F75B5 /* Base */ = {isa = PBXFileReference; lastKnownFileType = file.storyboard; name = Base; path = Base.lproj/Main.storyboard; sourceTree = "<group>"; };
		D110B9A9295DEA50002F75B5 /* Assets.xcassets */ = {isa = PBXFileReference; lastKnownFileType = folder.assetcatalog; path = Assets.xcassets; sourceTree = "<group>"; };
		D110B9AE295DEA50002F75B5 /* Info.plist */ = {isa = PBXFileReference; lastKnownFileType = text.plist.xml; path = Info.plist; sourceTree = "<group>"; };
		D15CCA8C2960215500AC083A /* ChatTableViewCell.swift */ = {isa = PBXFileReference; lastKnownFileType = sourcecode.swift; path = ChatTableViewCell.swift; sourceTree = "<group>"; };
		D15CCA8D2960215500AC083A /* ChatTableViewCell.xib */ = {isa = PBXFileReference; lastKnownFileType = file.xib; path = ChatTableViewCell.xib; sourceTree = "<group>"; };
		D15CCA902960261A00AC083A /* UserMessageData.swift */ = {isa = PBXFileReference; lastKnownFileType = sourcecode.swift; path = UserMessageData.swift; sourceTree = "<group>"; };
		D19B20FB295EB58C008BD714 /* RegisterViewController.swift */ = {isa = PBXFileReference; lastKnownFileType = sourcecode.swift; path = RegisterViewController.swift; sourceTree = "<group>"; };
/* End PBXFileReference section */

/* Begin PBXFrameworksBuildPhase section */
		D110B99A295DEA4D002F75B5 /* Frameworks */ = {
			isa = PBXFrameworksBuildPhase;
			buildActionMask = 2147483647;
			files = (
				D10BA3C6295ED9C300D9E3FD /* Toast in Frameworks */,
				D15CCA8729601F3200AC083A /* IQKeyboardManagerSwift in Frameworks */,
				D10BA3C1295ECAE500D9E3FD /* FirebaseAuth in Frameworks */,
				D10BA3C3295ECAE600D9E3FD /* FirebaseFirestore in Frameworks */,
			);
			runOnlyForDeploymentPostprocessing = 0;
		};
/* End PBXFrameworksBuildPhase section */

/* Begin PBXGroup section */
		D110B994295DEA4D002F75B5 = {
			isa = PBXGroup;
			children = (
				D110B99F295DEA4D002F75B5 /* Chat Application */,
				D110B99E295DEA4D002F75B5 /* Products */,
			);
			sourceTree = "<group>";
		};
		D110B99E295DEA4D002F75B5 /* Products */ = {
			isa = PBXGroup;
			children = (
				D110B99D295DEA4D002F75B5 /* Chat Application.app */,
			);
			name = Products;
			sourceTree = "<group>";
		};
		D110B99F295DEA4D002F75B5 /* Chat Application */ = {
			isa = PBXGroup;
			children = (
				D110B9A0295DEA4D002F75B5 /* AppDelegate.swift */,
				D110B9A2295DEA4D002F75B5 /* SceneDelegate.swift */,
				D10BA3C7295EDCAA00D9E3FD /* K.swift */,
				D110B9B4295DEAA5002F75B5 /* Model */,
				D110B9B5295DEAAF002F75B5 /* View */,
				D110B9B6295DEACD002F75B5 /* Controller */,
				D110B9A9295DEA50002F75B5 /* Assets.xcassets */,
				D10BA3BD295ECA1200D9E3FD /* GoogleService-Info.plist */,
				D110B9AE295DEA50002F75B5 /* Info.plist */,
			);
			path = "Chat Application";
			sourceTree = "<group>";
		};
		D110B9B4295DEAA5002F75B5 /* Model */ = {
			isa = PBXGroup;
			children = (
				D15CCA902960261A00AC083A /* UserMessageData.swift */,
			);
			path = Model;
			sourceTree = "<group>";
		};
		D110B9B5295DEAAF002F75B5 /* View */ = {
			isa = PBXGroup;
			children = (
				D110B9A6295DEA4D002F75B5 /* Main.storyboard */,
				D15CCA8C2960215500AC083A /* ChatTableViewCell.swift */,
				D15CCA8D2960215500AC083A /* ChatTableViewCell.xib */,
			);
			path = View;
			sourceTree = "<group>";
		};
		D110B9B6295DEACD002F75B5 /* Controller */ = {
			isa = PBXGroup;
			children = (
				D110B9A4295DEA4D002F75B5 /* SplashViewController.swift */,
				D19B20FB295EB58C008BD714 /* RegisterViewController.swift */,
				D10BA3C9295EF91500D9E3FD /* LoginViewController.swift */,
				D10BA3BB295EC6C900D9E3FD /* ChatViewController.swift */,
			);
			path = Controller;
			sourceTree = "<group>";
		};
/* End PBXGroup section */

/* Begin PBXNativeTarget section */
		D110B99C295DEA4D002F75B5 /* Chat Application */ = {
			isa = PBXNativeTarget;
			buildConfigurationList = D110B9B1295DEA50002F75B5 /* Build configuration list for PBXNativeTarget "Chat Application" */;
			buildPhases = (
				D110B999295DEA4D002F75B5 /* Sources */,
				D110B99A295DEA4D002F75B5 /* Frameworks */,
				D110B99B295DEA4D002F75B5 /* Resources */,
			);
			buildRules = (
			);
			dependencies = (
			);
			name = "Chat Application";
			packageProductDependencies = (
				D10BA3C0295ECAE500D9E3FD /* FirebaseAuth */,
				D10BA3C2295ECAE500D9E3FD /* FirebaseFirestore */,
				D10BA3C5295ED9C300D9E3FD /* Toast */,
				D15CCA8629601F3200AC083A /* IQKeyboardManagerSwift */,
			);
			productName = "Chat Application";
			productReference = D110B99D295DEA4D002F75B5 /* Chat Application.app */;
			productType = "com.apple.product-type.application";
		};
/* End PBXNativeTarget section */

/* Begin PBXProject section */
		D110B995295DEA4D002F75B5 /* Project object */ = {
			isa = PBXProject;
			attributes = {
				BuildIndependentTargetsInParallel = 1;
				LastSwiftUpdateCheck = 1420;
				LastUpgradeCheck = 1420;
				TargetAttributes = {
					D110B99C295DEA4D002F75B5 = {
						CreatedOnToolsVersion = 14.2;
					};
				};
			};
			buildConfigurationList = D110B998295DEA4D002F75B5 /* Build configuration list for PBXProject "Chat Application" */;
			compatibilityVersion = "Xcode 14.0";
			developmentRegion = en;
			hasScannedForEncodings = 0;
			knownRegions = (
				en,
				Base,
			);
			mainGroup = D110B994295DEA4D002F75B5;
			packageReferences = (
				D10BA3BF295ECAE500D9E3FD /* XCRemoteSwiftPackageReference "firebase-ios-sdk" */,
				D10BA3C4295ED9C300D9E3FD /* XCRemoteSwiftPackageReference "Toast-Swift" */,
				D15CCA8529601F3200AC083A /* XCRemoteSwiftPackageReference "IQKeyboardManager" */,
			);
			productRefGroup = D110B99E295DEA4D002F75B5 /* Products */;
			projectDirPath = "";
			projectRoot = "";
			targets = (
				D110B99C295DEA4D002F75B5 /* Chat Application */,
			);
		};
/* End PBXProject section */

/* Begin PBXResourcesBuildPhase section */
		D110B99B295DEA4D002F75B5 /* Resources */ = {
			isa = PBXResourcesBuildPhase;
			buildActionMask = 2147483647;
			files = (
				D110B9AA295DEA50002F75B5 /* Assets.xcassets in Resources */,
				D15CCA8F2960215500AC083A /* ChatTableViewCell.xib in Resources */,
				D110B9A8295DEA4D002F75B5 /* Main.storyboard in Resources */,
				D10BA3BE295ECA1200D9E3FD /* GoogleService-Info.plist in Resources */,
			);
			runOnlyForDeploymentPostprocessing = 0;
		};
/* End PBXResourcesBuildPhase section */

/* Begin PBXSourcesBuildPhase section */
		D110B999295DEA4D002F75B5 /* Sources */ = {
			isa = PBXSourcesBuildPhase;
			buildActionMask = 2147483647;
			files = (
				D10BA3CA295EF91500D9E3FD /* LoginViewController.swift in Sources */,
				D110B9A5295DEA4D002F75B5 /* SplashViewController.swift in Sources */,
				D110B9A1295DEA4D002F75B5 /* AppDelegate.swift in Sources */,
				D110B9A3295DEA4D002F75B5 /* SceneDelegate.swift in Sources */,
				D15CCA912960261A00AC083A /* UserMessageData.swift in Sources */,
				D10BA3C8295EDCAA00D9E3FD /* K.swift in Sources */,
				D15CCA8E2960215500AC083A /* ChatTableViewCell.swift in Sources */,
				D10BA3BC295EC6C900D9E3FD /* ChatViewController.swift in Sources */,
				D19B20FC295EB58C008BD714 /* RegisterViewController.swift in Sources */,
			);
			runOnlyForDeploymentPostprocessing = 0;
		};
/* End PBXSourcesBuildPhase section */

/* Begin PBXVariantGroup section */
		D110B9A6295DEA4D002F75B5 /* Main.storyboard */ = {
			isa = PBXVariantGroup;
			children = (
				D110B9A7295DEA4D002F75B5 /* Base */,
			);
			name = Main.storyboard;
			sourceTree = "<group>";
		};
/* End PBXVariantGroup section */

/* Begin XCBuildConfiguration section */
		D110B9AF295DEA50002F75B5 /* Debug */ = {
			isa = XCBuildConfiguration;
			buildSettings = {
				ALWAYS_SEARCH_USER_PATHS = NO;
				CLANG_ANALYZER_NONNULL = YES;
				CLANG_ANALYZER_NUMBER_OBJECT_CONVERSION = YES_AGGRESSIVE;
				CLANG_CXX_LANGUAGE_STANDARD = "gnu++20";
				CLANG_ENABLE_MODULES = YES;
				CLANG_ENABLE_OBJC_ARC = YES;
				CLANG_ENABLE_OBJC_WEAK = YES;
				CLANG_WARN_BLOCK_CAPTURE_AUTORELEASING = YES;
				CLANG_WARN_BOOL_CONVERSION = YES;
				CLANG_WARN_COMMA = YES;
				CLANG_WARN_CONSTANT_CONVERSION = YES;
				CLANG_WARN_DEPRECATED_OBJC_IMPLEMENTATIONS = YES;
				CLANG_WARN_DIRECT_OBJC_ISA_USAGE = YES_ERROR;
				CLANG_WARN_DOCUMENTATION_COMMENTS = YES;
				CLANG_WARN_EMPTY_BODY = YES;
				CLANG_WARN_ENUM_CONVERSION = YES;
				CLANG_WARN_INFINITE_RECURSION = YES;
				CLANG_WARN_INT_CONVERSION = YES;
				CLANG_WARN_NON_LITERAL_NULL_CONVERSION = YES;
				CLANG_WARN_OBJC_IMPLICIT_RETAIN_SELF = YES;
				CLANG_WARN_OBJC_LITERAL_CONVERSION = YES;
				CLANG_WARN_OBJC_ROOT_CLASS = YES_ERROR;
				CLANG_WARN_QUOTED_INCLUDE_IN_FRAMEWORK_HEADER = YES;
				CLANG_WARN_RANGE_LOOP_ANALYSIS = YES;
				CLANG_WARN_STRICT_PROTOTYPES = YES;
				CLANG_WARN_SUSPICIOUS_MOVE = YES;
				CLANG_WARN_UNGUARDED_AVAILABILITY = YES_AGGRESSIVE;
				CLANG_WARN_UNREACHABLE_CODE = YES;
				CLANG_WARN__DUPLICATE_METHOD_MATCH = YES;
				COPY_PHASE_STRIP = NO;
				DEBUG_INFORMATION_FORMAT = dwarf;
				ENABLE_STRICT_OBJC_MSGSEND = YES;
				ENABLE_TESTABILITY = YES;
				GCC_C_LANGUAGE_STANDARD = gnu11;
				GCC_DYNAMIC_NO_PIC = NO;
				GCC_NO_COMMON_BLOCKS = YES;
				GCC_OPTIMIZATION_LEVEL = 0;
				GCC_PREPROCESSOR_DEFINITIONS = (
					"DEBUG=1",
					"$(inherited)",
				);
				GCC_WARN_64_TO_32_BIT_CONVERSION = YES;
				GCC_WARN_ABOUT_RETURN_TYPE = YES_ERROR;
				GCC_WARN_UNDECLARED_SELECTOR = YES;
				GCC_WARN_UNINITIALIZED_AUTOS = YES_AGGRESSIVE;
				GCC_WARN_UNUSED_FUNCTION = YES;
				GCC_WARN_UNUSED_VARIABLE = YES;
				IPHONEOS_DEPLOYMENT_TARGET = 16.2;
				MTL_ENABLE_DEBUG_INFO = INCLUDE_SOURCE;
				MTL_FAST_MATH = YES;
				ONLY_ACTIVE_ARCH = YES;
				SDKROOT = iphoneos;
				SWIFT_ACTIVE_COMPILATION_CONDITIONS = DEBUG;
				SWIFT_OPTIMIZATION_LEVEL = "-Onone";
			};
			name = Debug;
		};
		D110B9B0295DEA50002F75B5 /* Release */ = {
			isa = XCBuildConfiguration;
			buildSettings = {
				ALWAYS_SEARCH_USER_PATHS = NO;
				CLANG_ANALYZER_NONNULL = YES;
				CLANG_ANALYZER_NUMBER_OBJECT_CONVERSION = YES_AGGRESSIVE;
				CLANG_CXX_LANGUAGE_STANDARD = "gnu++20";
				CLANG_ENABLE_MODULES = YES;
				CLANG_ENABLE_OBJC_ARC = YES;
				CLANG_ENABLE_OBJC_WEAK = YES;
				CLANG_WARN_BLOCK_CAPTURE_AUTORELEASING = YES;
				CLANG_WARN_BOOL_CONVERSION = YES;
				CLANG_WARN_COMMA = YES;
				CLANG_WARN_CONSTANT_CONVERSION = YES;
				CLANG_WARN_DEPRECATED_OBJC_IMPLEMENTATIONS = YES;
				CLANG_WARN_DIRECT_OBJC_ISA_USAGE = YES_ERROR;
				CLANG_WARN_DOCUMENTATION_COMMENTS = YES;
				CLANG_WARN_EMPTY_BODY = YES;
				CLANG_WARN_ENUM_CONVERSION = YES;
				CLANG_WARN_INFINITE_RECURSION = YES;
				CLANG_WARN_INT_CONVERSION = YES;
				CLANG_WARN_NON_LITERAL_NULL_CONVERSION = YES;
				CLANG_WARN_OBJC_IMPLICIT_RETAIN_SELF = YES;
				CLANG_WARN_OBJC_LITERAL_CONVERSION = YES;
				CLANG_WARN_OBJC_ROOT_CLASS = YES_ERROR;
				CLANG_WARN_QUOTED_INCLUDE_IN_FRAMEWORK_HEADER = YES;
				CLANG_WARN_RANGE_LOOP_ANALYSIS = YES;
				CLANG_WARN_STRICT_PROTOTYPES = YES;
				CLANG_WARN_SUSPICIOUS_MOVE = YES;
				CLANG_WARN_UNGUARDED_AVAILABILITY = YES_AGGRESSIVE;
				CLANG_WARN_UNREACHABLE_CODE = YES;
				CLANG_WARN__DUPLICATE_METHOD_MATCH = YES;
				COPY_PHASE_STRIP = NO;
				DEBUG_INFORMATION_FORMAT = "dwarf-with-dsym";
				ENABLE_NS_ASSERTIONS = NO;
				ENABLE_STRICT_OBJC_MSGSEND = YES;
				GCC_C_LANGUAGE_STANDARD = gnu11;
				GCC_NO_COMMON_BLOCKS = YES;
				GCC_WARN_64_TO_32_BIT_CONVERSION = YES;
				GCC_WARN_ABOUT_RETURN_TYPE = YES_ERROR;
				GCC_WARN_UNDECLARED_SELECTOR = YES;
				GCC_WARN_UNINITIALIZED_AUTOS = YES_AGGRESSIVE;
				GCC_WARN_UNUSED_FUNCTION = YES;
				GCC_WARN_UNUSED_VARIABLE = YES;
				IPHONEOS_DEPLOYMENT_TARGET = 16.2;
				MTL_ENABLE_DEBUG_INFO = NO;
				MTL_FAST_MATH = YES;
				SDKROOT = iphoneos;
				SWIFT_COMPILATION_MODE = wholemodule;
				SWIFT_OPTIMIZATION_LEVEL = "-O";
				VALIDATE_PRODUCT = YES;
			};
			name = Release;
		};
		D110B9B2295DEA50002F75B5 /* Debug */ = {
			isa = XCBuildConfiguration;
			buildSettings = {
				ASSETCATALOG_COMPILER_APPICON_NAME = AppIcon;
				ASSETCATALOG_COMPILER_GLOBAL_ACCENT_COLOR_NAME = AccentColor;
				CODE_SIGN_STYLE = Automatic;
				CURRENT_PROJECT_VERSION = 1;
				GENERATE_INFOPLIST_FILE = YES;
				INFOPLIST_FILE = "Chat Application/Info.plist";
				INFOPLIST_KEY_UIApplicationSupportsIndirectInputEvents = YES;
				INFOPLIST_KEY_UILaunchStoryboardName = LaunchScreen;
				INFOPLIST_KEY_UIMainStoryboardFile = Main;
				INFOPLIST_KEY_UISupportedInterfaceOrientations_iPad = "UIInterfaceOrientationPortrait UIInterfaceOrientationPortraitUpsideDown UIInterfaceOrientationLandscapeLeft UIInterfaceOrientationLandscapeRight";
				INFOPLIST_KEY_UISupportedInterfaceOrientations_iPhone = "UIInterfaceOrientationPortrait UIInterfaceOrientationLandscapeLeft UIInterfaceOrientationLandscapeRight";
				LD_RUNPATH_SEARCH_PATHS = (
					"$(inherited)",
					"@executable_path/Frameworks",
				);
				MARKETING_VERSION = 1.0;
				PRODUCT_BUNDLE_IDENTIFIER = "com.demo.chat.Chats-Application";
				PRODUCT_NAME = "$(TARGET_NAME)";
				SUPPORTED_PLATFORMS = "iphoneos iphonesimulator";
				SUPPORTS_MACCATALYST = NO;
				SUPPORTS_MAC_DESIGNED_FOR_IPHONE_IPAD = NO;
				SWIFT_EMIT_LOC_STRINGS = YES;
				SWIFT_VERSION = 5.0;
				TARGETED_DEVICE_FAMILY = "1,2";
			};
			name = Debug;
		};
		D110B9B3295DEA50002F75B5 /* Release */ = {
			isa = XCBuildConfiguration;
			buildSettings = {
				ASSETCATALOG_COMPILER_APPICON_NAME = AppIcon;
				ASSETCATALOG_COMPILER_GLOBAL_ACCENT_COLOR_NAME = AccentColor;
				CODE_SIGN_STYLE = Automatic;
				CURRENT_PROJECT_VERSION = 1;
				GENERATE_INFOPLIST_FILE = YES;
				INFOPLIST_FILE = "Chat Application/Info.plist";
				INFOPLIST_KEY_UIApplicationSupportsIndirectInputEvents = YES;
				INFOPLIST_KEY_UILaunchStoryboardName = LaunchScreen;
				INFOPLIST_KEY_UIMainStoryboardFile = Main;
				INFOPLIST_KEY_UISupportedInterfaceOrientations_iPad = "UIInterfaceOrientationPortrait UIInterfaceOrientationPortraitUpsideDown UIInterfaceOrientationLandscapeLeft UIInterfaceOrientationLandscapeRight";
				INFOPLIST_KEY_UISupportedInterfaceOrientations_iPhone = "UIInterfaceOrientationPortrait UIInterfaceOrientationLandscapeLeft UIInterfaceOrientationLandscapeRight";
				LD_RUNPATH_SEARCH_PATHS = (
					"$(inherited)",
					"@executable_path/Frameworks",
				);
				MARKETING_VERSION = 1.0;
				PRODUCT_BUNDLE_IDENTIFIER = "com.demo.chat.Chats-Application";
				PRODUCT_NAME = "$(TARGET_NAME)";
				SUPPORTED_PLATFORMS = "iphoneos iphonesimulator";
				SUPPORTS_MACCATALYST = NO;
				SUPPORTS_MAC_DESIGNED_FOR_IPHONE_IPAD = NO;
				SWIFT_EMIT_LOC_STRINGS = YES;
				SWIFT_VERSION = 5.0;
				TARGETED_DEVICE_FAMILY = "1,2";
			};
			name = Release;
		};
/* End XCBuildConfiguration section */

/* Begin XCConfigurationList section */
		D110B998295DEA4D002F75B5 /* Build configuration list for PBXProject "Chat Application" */ = {
			isa = XCConfigurationList;
			buildConfigurations = (
				D110B9AF295DEA50002F75B5 /* Debug */,
				D110B9B0295DEA50002F75B5 /* Release */,
			);
			defaultConfigurationIsVisible = 0;
			defaultConfigurationName = Release;
		};
		D110B9B1295DEA50002F75B5 /* Build configuration list for PBXNativeTarget "Chat Application" */ = {
			isa = XCConfigurationList;
			buildConfigurations = (
				D110B9B2295DEA50002F75B5 /* Debug */,
				D110B9B3295DEA50002F75B5 /* Release */,
			);
			defaultConfigurationIsVisible = 0;
			defaultConfigurationName = Release;
		};
/* End XCConfigurationList section */

/* Begin XCRemoteSwiftPackageReference section */
		D10BA3BF295ECAE500D9E3FD /* XCRemoteSwiftPackageReference "firebase-ios-sdk" */ = {
			isa = XCRemoteSwiftPackageReference;
			repositoryURL = "https://github.com/firebase/firebase-ios-sdk";
			requirement = {
				branch = master;
				kind = branch;
			};
		};
		D10BA3C4295ED9C300D9E3FD /* XCRemoteSwiftPackageReference "Toast-Swift" */ = {
			isa = XCRemoteSwiftPackageReference;
			repositoryURL = "https://github.com/scalessec/Toast-Swift";
			requirement = {
				kind = upToNextMajorVersion;
				minimumVersion = 5.0.0;
			};
		};
		D15CCA8529601F3200AC083A /* XCRemoteSwiftPackageReference "IQKeyboardManager" */ = {
			isa = XCRemoteSwiftPackageReference;
			repositoryURL = "https://github.com/hackiftekhar/IQKeyboardManager.git";
			requirement = {
				branch = master;
				kind = branch;
			};
		};
/* End XCRemoteSwiftPackageReference section */

/* Begin XCSwiftPackageProductDependency section */
		D10BA3C0295ECAE500D9E3FD /* FirebaseAuth */ = {
			isa = XCSwiftPackageProductDependency;
			package = D10BA3BF295ECAE500D9E3FD /* XCRemoteSwiftPackageReference "firebase-ios-sdk" */;
			productName = FirebaseAuth;
		};
		D10BA3C2295ECAE500D9E3FD /* FirebaseFirestore */ = {
			isa = XCSwiftPackageProductDependency;
			package = D10BA3BF295ECAE500D9E3FD /* XCRemoteSwiftPackageReference "firebase-ios-sdk" */;
			productName = FirebaseFirestore;
		};
		D10BA3C5295ED9C300D9E3FD /* Toast */ = {
			isa = XCSwiftPackageProductDependency;
			package = D10BA3C4295ED9C300D9E3FD /* XCRemoteSwiftPackageReference "Toast-Swift" */;
			productName = Toast;
		};
		D15CCA8629601F3200AC083A /* IQKeyboardManagerSwift */ = {
			isa = XCSwiftPackageProductDependency;
			package = D15CCA8529601F3200AC083A /* XCRemoteSwiftPackageReference "IQKeyboardManager" */;
			productName = IQKeyboardManagerSwift;
		};
/* End XCSwiftPackageProductDependency section */
	};
	rootObject = D110B995295DEA4D002F75B5 /* Project object */;
}
